
Microsoft Visual Studio Solution File, Format Version 12.00
# Visual Studio Version 17
VisualStudioVersion = 17.4.33122.133
MinimumVisualStudioVersion = 10.0.40219.1
Project("{FAE04EC0-301F-11D3-BF4B-00C04F79EFBC}") = "CPUBoundingOpreation", "CPUBoundingOpreation.csproj", "{9F7B256F-8BAE-40A4-A678-EF45E5143D51}"
EndProject
Global
	GlobalSection(SolutionConfigurationPlatforms) = preSolution
		Debug|Any CPU = Debug|Any CPU
		Release|Any CPU = Release|Any CPU
	EndGlobalSection
	GlobalSection(ProjectConfigurationPlatforms) = postSolution
		{9F7B256F-8BAE-40A4-A678-EF45E5143D51}.Debug|Any CPU.ActiveCfg = Debug|Any CPU
		{9F7B256F-8BAE-40A4-A678-EF45E5143D51}.Debug|Any CPU.Build.0 = Debug|Any CPU
		{9F7B256F-8BAE-40A4-A678-EF45E5143D51}.Release|Any CPU.ActiveCfg = Release|Any CPU
		{9F7B256F-8BAE-40A4-A678-EF45E5143D51}.Release|Any CPU.Build.0 = Release|Any CPU
	EndGlobalSection
	GlobalSection(SolutionProperties) = preSolution
		HideSolutionNode = FALSE
	EndGlobalSection
	GlobalSection(ExtensibilityGlobals) = postSolution
		SolutionGuid = {405D1385-4184-4AC5-A1B4-5CEACCC94786}
	EndGlobalSection
EndGlobal
